
Microsoft Visual Studio Solution File, Format Version 12.00
# Visual Studio 15
VisualStudioVersion = 15.0.27004.2006
MinimumVisualStudioVersion = 10.0.40219.1
Project("{FAE04EC0-301F-11D3-BF4B-00C04F79EFBC}") = "Nearest_Pharmacy.Android", "Nearest Pharmacy\Nearest_Pharmacy.Android\Nearest_Pharmacy.Android.csproj", "{4B632518-AD28-4C50-B433-5B0AFBAC7437}"
EndProject
Project("{FAE04EC0-301F-11D3-BF4B-00C04F79EFBC}") = "Nearest_Pharmacy", "Nearest Pharmacy\Nearest_Pharmacy\Nearest_Pharmacy.csproj", "{7DD5F754-8F84-45AB-8669-1CBFF530FA87}"
EndProject
Project("{FAE04EC0-301F-11D3-BF4B-00C04F79EFBC}") = "Nearest_Pharmacy.UWP", "Nearest Pharmacy\Nearest_Pharmacy.UWP\Nearest_Pharmacy.UWP.csproj", "{B484CE25-CAFA-4BF4-9A15-0FD943BDD9F4}"
EndProject
Project("{FAE04EC0-301F-11D3-BF4B-00C04F79EFBC}") = "Nearest_Pharmacy.iOS", "Nearest Pharmacy\Nearest_Pharmacy.iOS\Nearest_Pharmacy.iOS.csproj", "{D5291582-DF60-49A2-A8EB-08060AB5F9BF}"
EndProject
Global
	GlobalSection(SolutionConfigurationPlatforms) = preSolution
		1|Any CPU = 1|Any CPU
		1|ARM = 1|ARM
		1|iPhone = 1|iPhone
		1|iPhoneSimulator = 1|iPhoneSimulator
		1|x64 = 1|x64
		1|x86 = 1|x86
		2|Any CPU = 2|Any CPU
		2|ARM = 2|ARM
		2|iPhone = 2|iPhone
		2|iPhoneSimulator = 2|iPhoneSimulator
		2|x64 = 2|x64
		2|x86 = 2|x86
		Ad-Hoc|Any CPU = Ad-Hoc|Any CPU
		Ad-Hoc|ARM = Ad-Hoc|ARM
		Ad-Hoc|iPhone = Ad-Hoc|iPhone
		Ad-Hoc|iPhoneSimulator = Ad-Hoc|iPhoneSimulator
		Ad-Hoc|x64 = Ad-Hoc|x64
		Ad-Hoc|x86 = Ad-Hoc|x86
		AppStore|Any CPU = AppStore|Any CPU
		AppStore|ARM = AppStore|ARM
		AppStore|iPhone = AppStore|iPhone
		AppStore|iPhoneSimulator = AppStore|iPhoneSimulator
		AppStore|x64 = AppStore|x64
		AppStore|x86 = AppStore|x86
		Debug|Any CPU = Debug|Any CPU
		Debug|ARM = Debug|ARM
		Debug|iPhone = Debug|iPhone
		Debug|iPhoneSimulator = Debug|iPhoneSimulator
		Debug|x64 = Debug|x64
		Debug|x86 = Debug|x86
		Release|Any CPU = Release|Any CPU
		Release|ARM = Release|ARM
		Release|iPhone = Release|iPhone
		Release|iPhoneSimulator = Release|iPhoneSimulator
		Release|x64 = Release|x64
		Release|x86 = Release|x86
	EndGlobalSection
	GlobalSection(ProjectConfigurationPlatforms) = postSolution
		{4B632518-AD28-4C50-B433-5B0AFBAC7437}.1|Any CPU.ActiveCfg = 1|Any CPU
		{4B632518-AD28-4C50-B433-5B0AFBAC7437}.1|Any CPU.Build.0 = 1|Any CPU
		{4B632518-AD28-4C50-B433-5B0AFBAC7437}.1|Any CPU.Deploy.0 = 1|Any CPU
		{4B632518-AD28-4C50-B433-5B0AFBAC7437}.1|ARM.ActiveCfg = 1|Any CPU
		{4B632518-AD28-4C50-B433-5B0AFBAC7437}.1|ARM.Build.0 = 1|Any CPU
		{4B632518-AD28-4C50-B433-5B0AFBAC7437}.1|ARM.Deploy.0 = 1|Any CPU
		{4B632518-AD28-4C50-B433-5B0AFBAC7437}.1|iPhone.ActiveCfg = 1|Any CPU
		{4B632518-AD28-4C50-B433-5B0AFBAC7437}.1|iPhone.Build.0 = 1|Any CPU
		{4B632518-AD28-4C50-B433-5B0AFBAC7437}.1|iPhone.Deploy.0 = 1|Any CPU
		{4B632518-AD28-4C50-B433-5B0AFBAC7437}.1|iPhoneSimulator.ActiveCfg = 1|Any CPU
		{4B632518-AD28-4C50-B433-5B0AFBAC7437}.1|iPhoneSimulator.Build.0 = 1|Any CPU
		{4B632518-AD28-4C50-B433-5B0AFBAC7437}.1|iPhoneSimulator.Deploy.0 = 1|Any CPU
		{4B632518-AD28-4C50-B433-5B0AFBAC7437}.1|x64.ActiveCfg = 1|Any CPU
		{4B632518-AD28-4C50-B433-5B0AFBAC7437}.1|x64.Build.0 = 1|Any CPU
		{4B632518-AD28-4C50-B433-5B0AFBAC7437}.1|x64.Deploy.0 = 1|Any CPU
		{4B632518-AD28-4C50-B433-5B0AFBAC7437}.1|x86.ActiveCfg = 1|Any CPU
		{4B632518-AD28-4C50-B433-5B0AFBAC7437}.1|x86.Build.0 = 1|Any CPU
		{4B632518-AD28-4C50-B433-5B0AFBAC7437}.1|x86.Deploy.0 = 1|Any CPU
		{4B632518-AD28-4C50-B433-5B0AFBAC7437}.2|Any CPU.ActiveCfg = 2|Any CPU
		{4B632518-AD28-4C50-B433-5B0AFBAC7437}.2|Any CPU.Build.0 = 2|Any CPU
		{4B632518-AD28-4C50-B433-5B0AFBAC7437}.2|Any CPU.Deploy.0 = 2|Any CPU
		{4B632518-AD28-4C50-B433-5B0AFBAC7437}.2|ARM.ActiveCfg = 2|Any CPU
		{4B632518-AD28-4C50-B433-5B0AFBAC7437}.2|ARM.Build.0 = 2|Any CPU
		{4B632518-AD28-4C50-B433-5B0AFBAC7437}.2|ARM.Deploy.0 = 2|Any CPU
		{4B632518-AD28-4C50-B433-5B0AFBAC7437}.2|iPhone.ActiveCfg = 2|Any CPU
		{4B632518-AD28-4C50-B433-5B0AFBAC7437}.2|iPhone.Build.0 = 2|Any CPU
		{4B632518-AD28-4C50-B433-5B0AFBAC7437}.2|iPhone.Deploy.0 = 2|Any CPU
		{4B632518-AD28-4C50-B433-5B0AFBAC7437}.2|iPhoneSimulator.ActiveCfg = 2|Any CPU
		{4B632518-AD28-4C50-B433-5B0AFBAC7437}.2|iPhoneSimulator.Build.0 = 2|Any CPU
		{4B632518-AD28-4C50-B433-5B0AFBAC7437}.2|iPhoneSimulator.Deploy.0 = 2|Any CPU
		{4B632518-AD28-4C50-B433-5B0AFBAC7437}.2|x64.ActiveCfg = 2|Any CPU
		{4B632518-AD28-4C50-B433-5B0AFBAC7437}.2|x64.Build.0 = 2|Any CPU
		{4B632518-AD28-4C50-B433-5B0AFBAC7437}.2|x64.Deploy.0 = 2|Any CPU
		{4B632518-AD28-4C50-B433-5B0AFBAC7437}.2|x86.ActiveCfg = 2|Any CPU
		{4B632518-AD28-4C50-B433-5B0AFBAC7437}.2|x86.Build.0 = 2|Any CPU
		{4B632518-AD28-4C50-B433-5B0AFBAC7437}.2|x86.Deploy.0 = 2|Any CPU
		{4B632518-AD28-4C50-B433-5B0AFBAC7437}.Ad-Hoc|Any CPU.ActiveCfg = Release|Any CPU
		{4B632518-AD28-4C50-B433-5B0AFBAC7437}.Ad-Hoc|Any CPU.Build.0 = Release|Any CPU
		{4B632518-AD28-4C50-B433-5B0AFBAC7437}.Ad-Hoc|Any CPU.Deploy.0 = Release|Any CPU
		{4B632518-AD28-4C50-B433-5B0AFBAC7437}.Ad-Hoc|ARM.ActiveCfg = Release|Any CPU
		{4B632518-AD28-4C50-B433-5B0AFBAC7437}.Ad-Hoc|ARM.Build.0 = Release|Any CPU
		{4B632518-AD28-4C50-B433-5B0AFBAC7437}.Ad-Hoc|ARM.Deploy.0 = Release|Any CPU
		{4B632518-AD28-4C50-B433-5B0AFBAC7437}.Ad-Hoc|iPhone.ActiveCfg = Release|Any CPU
		{4B632518-AD28-4C50-B433-5B0AFBAC7437}.Ad-Hoc|iPhone.Build.0 = Release|Any CPU
		{4B632518-AD28-4C50-B433-5B0AFBAC7437}.Ad-Hoc|iPhone.Deploy.0 = Release|Any CPU
		{4B632518-AD28-4C50-B433-5B0AFBAC7437}.Ad-Hoc|iPhoneSimulator.ActiveCfg = Release|Any CPU
		{4B632518-AD28-4C50-B433-5B0AFBAC7437}.Ad-Hoc|iPhoneSimulator.Build.0 = Release|Any CPU
		{4B632518-AD28-4C50-B433-5B0AFBAC7437}.Ad-Hoc|iPhoneSimulator.Deploy.0 = Release|Any CPU
		{4B632518-AD28-4C50-B433-5B0AFBAC7437}.Ad-Hoc|x64.ActiveCfg = Release|Any CPU
		{4B632518-AD28-4C50-B433-5B0AFBAC7437}.Ad-Hoc|x64.Build.0 = Release|Any CPU
		{4B632518-AD28-4C50-B433-5B0AFBAC7437}.Ad-Hoc|x64.Deploy.0 = Release|Any CPU
		{4B632518-AD28-4C50-B433-5B0AFBAC7437}.Ad-Hoc|x86.ActiveCfg = Release|Any CPU
		{4B632518-AD28-4C50-B433-5B0AFBAC7437}.Ad-Hoc|x86.Build.0 = Release|Any CPU
		{4B632518-AD28-4C50-B433-5B0AFBAC7437}.Ad-Hoc|x86.Deploy.0 = Release|Any CPU
		{4B632518-AD28-4C50-B433-5B0AFBAC7437}.AppStore|Any CPU.ActiveCfg = Release|Any CPU
		{4B632518-AD28-4C50-B433-5B0AFBAC7437}.AppStore|Any CPU.Build.0 = Release|Any CPU
		{4B632518-AD28-4C50-B433-5B0AFBAC7437}.AppStore|Any CPU.Deploy.0 = Release|Any CPU
		{4B632518-AD28-4C50-B433-5B0AFBAC7437}.AppStore|ARM.ActiveCfg = Release|Any CPU
		{4B632518-AD28-4C50-B433-5B0AFBAC7437}.AppStore|ARM.Build.0 = Release|Any CPU
		{4B632518-AD28-4C50-B433-5B0AFBAC7437}.AppStore|ARM.Deploy.0 = Release|Any CPU
		{4B632518-AD28-4C50-B433-5B0AFBAC7437}.AppStore|iPhone.ActiveCfg = Release|Any CPU
		{4B632518-AD28-4C50-B433-5B0AFBAC7437}.AppStore|iPhone.Build.0 = Release|Any CPU
		{4B632518-AD28-4C50-B433-5B0AFBAC7437}.AppStore|iPhone.Deploy.0 = Release|Any CPU
		{4B632518-AD28-4C50-B433-5B0AFBAC7437}.AppStore|iPhoneSimulator.ActiveCfg = Release|Any CPU
		{4B632518-AD28-4C50-B433-5B0AFBAC7437}.AppStore|iPhoneSimulator.Build.0 = Release|Any CPU
		{4B632518-AD28-4C50-B433-5B0AFBAC7437}.AppStore|iPhoneSimulator.Deploy.0 = Release|Any CPU
		{4B632518-AD28-4C50-B433-5B0AFBAC7437}.AppStore|x64.ActiveCfg = Release|Any CPU
		{4B632518-AD28-4C50-B433-5B0AFBAC7437}.AppStore|x64.Build.0 = Release|Any CPU
		{4B632518-AD28-4C50-B433-5B0AFBAC7437}.AppStore|x64.Deploy.0 = Release|Any CPU
		{4B632518-AD28-4C50-B433-5B0AFBAC7437}.AppStore|x86.ActiveCfg = Release|Any CPU
		{4B632518-AD28-4C50-B433-5B0AFBAC7437}.AppStore|x86.Build.0 = Release|Any CPU
		{4B632518-AD28-4C50-B433-5B0AFBAC7437}.AppStore|x86.Deploy.0 = Release|Any CPU
		{4B632518-AD28-4C50-B433-5B0AFBAC7437}.Debug|Any CPU.ActiveCfg = Debug|Any CPU
		{4B632518-AD28-4C50-B433-5B0AFBAC7437}.Debug|Any CPU.Build.0 = Debug|Any CPU
		{4B632518-AD28-4C50-B433-5B0AFBAC7437}.Debug|Any CPU.Deploy.0 = Debug|Any CPU
		{4B632518-AD28-4C50-B433-5B0AFBAC7437}.Debug|ARM.ActiveCfg = Debug|Any CPU
		{4B632518-AD28-4C50-B433-5B0AFBAC7437}.Debug|ARM.Build.0 = Debug|Any CPU
		{4B632518-AD28-4C50-B433-5B0AFBAC7437}.Debug|ARM.Deploy.0 = Debug|Any CPU
		{4B632518-AD28-4C50-B433-5B0AFBAC7437}.Debug|iPhone.ActiveCfg = Debug|Any CPU
		{4B632518-AD28-4C50-B433-5B0AFBAC7437}.Debug|iPhone.Build.0 = Debug|Any CPU
		{4B632518-AD28-4C50-B433-5B0AFBAC7437}.Debug|iPhone.Deploy.0 = Debug|Any CPU
		{4B632518-AD28-4C50-B433-5B0AFBAC7437}.Debug|iPhoneSimulator.ActiveCfg = Debug|Any CPU
		{4B632518-AD28-4C50-B433-5B0AFBAC7437}.Debug|iPhoneSimulator.Build.0 = Debug|Any CPU
		{4B632518-AD28-4C50-B433-5B0AFBAC7437}.Debug|iPhoneSimulator.Deploy.0 = Debug|Any CPU
		{4B632518-AD28-4C50-B433-5B0AFBAC7437}.Debug|x64.ActiveCfg = Debug|Any CPU
		{4B632518-AD28-4C50-B433-5B0AFBAC7437}.Debug|x64.Build.0 = Debug|Any CPU
		{4B632518-AD28-4C50-B433-5B0AFBAC7437}.Debug|x64.Deploy.0 = Debug|Any CPU
		{4B632518-AD28-4C50-B433-5B0AFBAC7437}.Debug|x86.ActiveCfg = Debug|Any CPU
		{4B632518-AD28-4C50-B433-5B0AFBAC7437}.Debug|x86.Build.0 = Debug|Any CPU
		{4B632518-AD28-4C50-B433-5B0AFBAC7437}.Debug|x86.Deploy.0 = Debug|Any CPU
		{4B632518-AD28-4C50-B433-5B0AFBAC7437}.Release|Any CPU.ActiveCfg = Release|Any CPU
		{4B632518-AD28-4C50-B433-5B0AFBAC7437}.Release|Any CPU.Build.0 = Release|Any CPU
		{4B632518-AD28-4C50-B433-5B0AFBAC7437}.Release|Any CPU.Deploy.0 = Release|Any CPU
		{4B632518-AD28-4C50-B433-5B0AFBAC7437}.Release|ARM.ActiveCfg = Release|Any CPU
		{4B632518-AD28-4C50-B433-5B0AFBAC7437}.Release|ARM.Build.0 = Release|Any CPU
		{4B632518-AD28-4C50-B433-5B0AFBAC7437}.Release|ARM.Deploy.0 = Release|Any CPU
		{4B632518-AD28-4C50-B433-5B0AFBAC7437}.Release|iPhone.ActiveCfg = Release|Any CPU
		{4B632518-AD28-4C50-B433-5B0AFBAC7437}.Release|iPhone.Build.0 = Release|Any CPU
		{4B632518-AD28-4C50-B433-5B0AFBAC7437}.Release|iPhone.Deploy.0 = Release|Any CPU
		{4B632518-AD28-4C50-B433-5B0AFBAC7437}.Release|iPhoneSimulator.ActiveCfg = Release|Any CPU
		{4B632518-AD28-4C50-B433-5B0AFBAC7437}.Release|iPhoneSimulator.Build.0 = Release|Any CPU
		{4B632518-AD28-4C50-B433-5B0AFBAC7437}.Release|iPhoneSimulator.Deploy.0 = Release|Any CPU
		{4B632518-AD28-4C50-B433-5B0AFBAC7437}.Release|x64.ActiveCfg = Release|Any CPU
		{4B632518-AD28-4C50-B433-5B0AFBAC7437}.Release|x64.Build.0 = Release|Any CPU
		{4B632518-AD28-4C50-B433-5B0AFBAC7437}.Release|x64.Deploy.0 = Release|Any CPU
		{4B632518-AD28-4C50-B433-5B0AFBAC7437}.Release|x86.ActiveCfg = Release|Any CPU
		{4B632518-AD28-4C50-B433-5B0AFBAC7437}.Release|x86.Build.0 = Release|Any CPU
		{4B632518-AD28-4C50-B433-5B0AFBAC7437}.Release|x86.Deploy.0 = Release|Any CPU
		{7DD5F754-8F84-45AB-8669-1CBFF530FA87}.1|Any CPU.ActiveCfg = 1|Any CPU
		{7DD5F754-8F84-45AB-8669-1CBFF530FA87}.1|Any CPU.Build.0 = 1|Any CPU
		{7DD5F754-8F84-45AB-8669-1CBFF530FA87}.1|ARM.ActiveCfg = 1|Any CPU
		{7DD5F754-8F84-45AB-8669-1CBFF530FA87}.1|ARM.Build.0 = 1|Any CPU
		{7DD5F754-8F84-45AB-8669-1CBFF530FA87}.1|iPhone.ActiveCfg = 1|Any CPU
		{7DD5F754-8F84-45AB-8669-1CBFF530FA87}.1|iPhone.Build.0 = 1|Any CPU
		{7DD5F754-8F84-45AB-8669-1CBFF530FA87}.1|iPhoneSimulator.ActiveCfg = 1|Any CPU
		{7DD5F754-8F84-45AB-8669-1CBFF530FA87}.1|iPhoneSimulator.Build.0 = 1|Any CPU
		{7DD5F754-8F84-45AB-8669-1CBFF530FA87}.1|x64.ActiveCfg = 1|Any CPU
		{7DD5F754-8F84-45AB-8669-1CBFF530FA87}.1|x64.Build.0 = 1|Any CPU
		{7DD5F754-8F84-45AB-8669-1CBFF530FA87}.1|x86.ActiveCfg = 1|Any CPU
		{7DD5F754-8F84-45AB-8669-1CBFF530FA87}.1|x86.Build.0 = 1|Any CPU
		{7DD5F754-8F84-45AB-8669-1CBFF530FA87}.2|Any CPU.ActiveCfg = 2|Any CPU
		{7DD5F754-8F84-45AB-8669-1CBFF530FA87}.2|Any CPU.Build.0 = 2|Any CPU
		{7DD5F754-8F84-45AB-8669-1CBFF530FA87}.2|ARM.ActiveCfg = 2|Any CPU
		{7DD5F754-8F84-45AB-8669-1CBFF530FA87}.2|ARM.Build.0 = 2|Any CPU
		{7DD5F754-8F84-45AB-8669-1CBFF530FA87}.2|iPhone.ActiveCfg = 2|Any CPU
		{7DD5F754-8F84-45AB-8669-1CBFF530FA87}.2|iPhone.Build.0 = 2|Any CPU
		{7DD5F754-8F84-45AB-8669-1CBFF530FA87}.2|iPhoneSimulator.ActiveCfg = 2|Any CPU
		{7DD5F754-8F84-45AB-8669-1CBFF530FA87}.2|iPhoneSimulator.Build.0 = 2|Any CPU
		{7DD5F754-8F84-45AB-8669-1CBFF530FA87}.2|x64.ActiveCfg = 2|Any CPU
		{7DD5F754-8F84-45AB-8669-1CBFF530FA87}.2|x64.Build.0 = 2|Any CPU
		{7DD5F754-8F84-45AB-8669-1CBFF530FA87}.2|x86.ActiveCfg = 2|Any CPU
		{7DD5F754-8F84-45AB-8669-1CBFF530FA87}.2|x86.Build.0 = 2|Any CPU
		{7DD5F754-8F84-45AB-8669-1CBFF530FA87}.Ad-Hoc|Any CPU.ActiveCfg = Release|Any CPU
		{7DD5F754-8F84-45AB-8669-1CBFF530FA87}.Ad-Hoc|Any CPU.Build.0 = Release|Any CPU
		{7DD5F754-8F84-45AB-8669-1CBFF530FA87}.Ad-Hoc|ARM.ActiveCfg = Release|Any CPU
		{7DD5F754-8F84-45AB-8669-1CBFF530FA87}.Ad-Hoc|ARM.Build.0 = Release|Any CPU
		{7DD5F754-8F84-45AB-8669-1CBFF530FA87}.Ad-Hoc|iPhone.ActiveCfg = Release|Any CPU
		{7DD5F754-8F84-45AB-8669-1CBFF530FA87}.Ad-Hoc|iPhone.Build.0 = Release|Any CPU
		{7DD5F754-8F84-45AB-8669-1CBFF530FA87}.Ad-Hoc|iPhoneSimulator.ActiveCfg = Release|Any CPU
		{7DD5F754-8F84-45AB-8669-1CBFF530FA87}.Ad-Hoc|iPhoneSimulator.Build.0 = Release|Any CPU
		{7DD5F754-8F84-45AB-8669-1CBFF530FA87}.Ad-Hoc|x64.ActiveCfg = Release|Any CPU
		{7DD5F754-8F84-45AB-8669-1CBFF530FA87}.Ad-Hoc|x64.Build.0 = Release|Any CPU
		{7DD5F754-8F84-45AB-8669-1CBFF530FA87}.Ad-Hoc|x86.ActiveCfg = Release|Any CPU
		{7DD5F754-8F84-45AB-8669-1CBFF530FA87}.Ad-Hoc|x86.Build.0 = Release|Any CPU
		{7DD5F754-8F84-45AB-8669-1CBFF530FA87}.AppStore|Any CPU.ActiveCfg = Release|Any CPU
		{7DD5F754-8F84-45AB-8669-1CBFF530FA87}.AppStore|Any CPU.Build.0 = Release|Any CPU
		{7DD5F754-8F84-45AB-8669-1CBFF530FA87}.AppStore|ARM.ActiveCfg = Release|Any CPU
		{7DD5F754-8F84-45AB-8669-1CBFF530FA87}.AppStore|ARM.Build.0 = Release|Any CPU
		{7DD5F754-8F84-45AB-8669-1CBFF530FA87}.AppStore|iPhone.ActiveCfg = Release|Any CPU
		{7DD5F754-8F84-45AB-8669-1CBFF530FA87}.AppStore|iPhone.Build.0 = Release|Any CPU
		{7DD5F754-8F84-45AB-8669-1CBFF530FA87}.AppStore|iPhoneSimulator.ActiveCfg = Release|Any CPU
		{7DD5F754-8F84-45AB-8669-1CBFF530FA87}.AppStore|iPhoneSimulator.Build.0 = Release|Any CPU
		{7DD5F754-8F84-45AB-8669-1CBFF530FA87}.AppStore|x64.ActiveCfg = Release|Any CPU
		{7DD5F754-8F84-45AB-8669-1CBFF530FA87}.AppStore|x64.Build.0 = Release|Any CPU
		{7DD5F754-8F84-45AB-8669-1CBFF530FA87}.AppStore|x86.ActiveCfg = Release|Any CPU
		{7DD5F754-8F84-45AB-8669-1CBFF530FA87}.AppStore|x86.Build.0 = Release|Any CPU
		{7DD5F754-8F84-45AB-8669-1CBFF530FA87}.Debug|Any CPU.ActiveCfg = Debug|Any CPU
		{7DD5F754-8F84-45AB-8669-1CBFF530FA87}.Debug|Any CPU.Build.0 = Debug|Any CPU
		{7DD5F754-8F84-45AB-8669-1CBFF530FA87}.Debug|ARM.ActiveCfg = Debug|Any CPU
		{7DD5F754-8F84-45AB-8669-1CBFF530FA87}.Debug|ARM.Build.0 = Debug|Any CPU
		{7DD5F754-8F84-45AB-8669-1CBFF530FA87}.Debug|iPhone.ActiveCfg = Debug|Any CPU
		{7DD5F754-8F84-45AB-8669-1CBFF530FA87}.Debug|iPhone.Build.0 = Debug|Any CPU
		{7DD5F754-8F84-45AB-8669-1CBFF530FA87}.Debug|iPhoneSimulator.ActiveCfg = Debug|Any CPU
		{7DD5F754-8F84-45AB-8669-1CBFF530FA87}.Debug|iPhoneSimulator.Build.0 = Debug|Any CPU
		{7DD5F754-8F84-45AB-8669-1CBFF530FA87}.Debug|x64.ActiveCfg = Debug|Any CPU
		{7DD5F754-8F84-45AB-8669-1CBFF530FA87}.Debug|x64.Build.0 = Debug|Any CPU
		{7DD5F754-8F84-45AB-8669-1CBFF530FA87}.Debug|x86.ActiveCfg = Debug|Any CPU
		{7DD5F754-8F84-45AB-8669-1CBFF530FA87}.Debug|x86.Build.0 = Debug|Any CPU
		{7DD5F754-8F84-45AB-8669-1CBFF530FA87}.Release|Any CPU.ActiveCfg = Release|Any CPU
		{7DD5F754-8F84-45AB-8669-1CBFF530FA87}.Release|Any CPU.Build.0 = Release|Any CPU
		{7DD5F754-8F84-45AB-8669-1CBFF530FA87}.Release|ARM.ActiveCfg = Release|Any CPU
		{7DD5F754-8F84-45AB-8669-1CBFF530FA87}.Release|ARM.Build.0 = Release|Any CPU
		{7DD5F754-8F84-45AB-8669-1CBFF530FA87}.Release|iPhone.ActiveCfg = Release|Any CPU
		{7DD5F754-8F84-45AB-8669-1CBFF530FA87}.Release|iPhone.Build.0 = Release|Any CPU
		{7DD5F754-8F84-45AB-8669-1CBFF530FA87}.Release|iPhoneSimulator.ActiveCfg = Release|Any CPU
		{7DD5F754-8F84-45AB-8669-1CBFF530FA87}.Release|iPhoneSimulator.Build.0 = Release|Any CPU
		{7DD5F754-8F84-45AB-8669-1CBFF530FA87}.Release|x64.ActiveCfg = Release|Any CPU
		{7DD5F754-8F84-45AB-8669-1CBFF530FA87}.Release|x64.Build.0 = Release|Any CPU
		{7DD5F754-8F84-45AB-8669-1CBFF530FA87}.Release|x86.ActiveCfg = Release|Any CPU
		{7DD5F754-8F84-45AB-8669-1CBFF530FA87}.Release|x86.Build.0 = Release|Any CPU
		{B484CE25-CAFA-4BF4-9A15-0FD943BDD9F4}.1|Any CPU.ActiveCfg = 1|x86
		{B484CE25-CAFA-4BF4-9A15-0FD943BDD9F4}.1|ARM.ActiveCfg = 1|ARM
		{B484CE25-CAFA-4BF4-9A15-0FD943BDD9F4}.1|ARM.Deploy.0 = 1|ARM
		{B484CE25-CAFA-4BF4-9A15-0FD943BDD9F4}.1|iPhone.ActiveCfg = 1|x86
		{B484CE25-CAFA-4BF4-9A15-0FD943BDD9F4}.1|iPhoneSimulator.ActiveCfg = 1|x86
		{B484CE25-CAFA-4BF4-9A15-0FD943BDD9F4}.1|x64.ActiveCfg = 1|x64
		{B484CE25-CAFA-4BF4-9A15-0FD943BDD9F4}.1|x64.Deploy.0 = 1|x64
		{B484CE25-CAFA-4BF4-9A15-0FD943BDD9F4}.1|x86.ActiveCfg = 1|x86
		{B484CE25-CAFA-4BF4-9A15-0FD943BDD9F4}.1|x86.Deploy.0 = 1|x86
		{B484CE25-CAFA-4BF4-9A15-0FD943BDD9F4}.2|Any CPU.ActiveCfg = 2|x86
		{B484CE25-CAFA-4BF4-9A15-0FD943BDD9F4}.2|ARM.ActiveCfg = 2|ARM
		{B484CE25-CAFA-4BF4-9A15-0FD943BDD9F4}.2|ARM.Deploy.0 = 2|ARM
		{B484CE25-CAFA-4BF4-9A15-0FD943BDD9F4}.2|iPhone.ActiveCfg = 2|x86
		{B484CE25-CAFA-4BF4-9A15-0FD943BDD9F4}.2|iPhoneSimulator.ActiveCfg = 2|x86
		{B484CE25-CAFA-4BF4-9A15-0FD943BDD9F4}.2|x64.ActiveCfg = 2|x64
		{B484CE25-CAFA-4BF4-9A15-0FD943BDD9F4}.2|x64.Deploy.0 = 2|x64
		{B484CE25-CAFA-4BF4-9A15-0FD943BDD9F4}.2|x86.ActiveCfg = 2|x86
		{B484CE25-CAFA-4BF4-9A15-0FD943BDD9F4}.2|x86.Deploy.0 = 2|x86
		{B484CE25-CAFA-4BF4-9A15-0FD943BDD9F4}.Ad-Hoc|Any CPU.ActiveCfg = Release|x86
		{B484CE25-CAFA-4BF4-9A15-0FD943BDD9F4}.Ad-Hoc|Any CPU.Build.0 = Release|x86
		{B484CE25-CAFA-4BF4-9A15-0FD943BDD9F4}.Ad-Hoc|Any CPU.Deploy.0 = Release|x86
		{B484CE25-CAFA-4BF4-9A15-0FD943BDD9F4}.Ad-Hoc|ARM.ActiveCfg = Release|ARM
		{B484CE25-CAFA-4BF4-9A15-0FD943BDD9F4}.Ad-Hoc|ARM.Build.0 = Release|ARM
		{B484CE25-CAFA-4BF4-9A15-0FD943BDD9F4}.Ad-Hoc|ARM.Deploy.0 = Release|ARM
		{B484CE25-CAFA-4BF4-9A15-0FD943BDD9F4}.Ad-Hoc|iPhone.ActiveCfg = Release|x86
		{B484CE25-CAFA-4BF4-9A15-0FD943BDD9F4}.Ad-Hoc|iPhone.Build.0 = Release|x86
		{B484CE25-CAFA-4BF4-9A15-0FD943BDD9F4}.Ad-Hoc|iPhone.Deploy.0 = Release|x86
		{B484CE25-CAFA-4BF4-9A15-0FD943BDD9F4}.Ad-Hoc|iPhoneSimulator.ActiveCfg = Release|x86
		{B484CE25-CAFA-4BF4-9A15-0FD943BDD9F4}.Ad-Hoc|iPhoneSimulator.Build.0 = Release|x86
		{B484CE25-CAFA-4BF4-9A15-0FD943BDD9F4}.Ad-Hoc|iPhoneSimulator.Deploy.0 = Release|x86
		{B484CE25-CAFA-4BF4-9A15-0FD943BDD9F4}.Ad-Hoc|x64.ActiveCfg = Release|x64
		{B484CE25-CAFA-4BF4-9A15-0FD943BDD9F4}.Ad-Hoc|x64.Build.0 = Release|x64
		{B484CE25-CAFA-4BF4-9A15-0FD943BDD9F4}.Ad-Hoc|x64.Deploy.0 = Release|x64
		{B484CE25-CAFA-4BF4-9A15-0FD943BDD9F4}.Ad-Hoc|x86.ActiveCfg = Release|x86
		{B484CE25-CAFA-4BF4-9A15-0FD943BDD9F4}.Ad-Hoc|x86.Build.0 = Release|x86
		{B484CE25-CAFA-4BF4-9A15-0FD943BDD9F4}.Ad-Hoc|x86.Deploy.0 = Release|x86
		{B484CE25-CAFA-4BF4-9A15-0FD943BDD9F4}.AppStore|Any CPU.ActiveCfg = Release|x86
		{B484CE25-CAFA-4BF4-9A15-0FD943BDD9F4}.AppStore|Any CPU.Build.0 = Release|x86
		{B484CE25-CAFA-4BF4-9A15-0FD943BDD9F4}.AppStore|Any CPU.Deploy.0 = Release|x86
		{B484CE25-CAFA-4BF4-9A15-0FD943BDD9F4}.AppStore|ARM.ActiveCfg = Release|ARM
		{B484CE25-CAFA-4BF4-9A15-0FD943BDD9F4}.AppStore|ARM.Build.0 = Release|ARM
		{B484CE25-CAFA-4BF4-9A15-0FD943BDD9F4}.AppStore|ARM.Deploy.0 = Release|ARM
		{B484CE25-CAFA-4BF4-9A15-0FD943BDD9F4}.AppStore|iPhone.ActiveCfg = Release|x86
		{B484CE25-CAFA-4BF4-9A15-0FD943BDD9F4}.AppStore|iPhone.Build.0 = Release|x86
		{B484CE25-CAFA-4BF4-9A15-0FD943BDD9F4}.AppStore|iPhone.Deploy.0 = Release|x86
		{B484CE25-CAFA-4BF4-9A15-0FD943BDD9F4}.AppStore|iPhoneSimulator.ActiveCfg = Release|x86
		{B484CE25-CAFA-4BF4-9A15-0FD943BDD9F4}.AppStore|iPhoneSimulator.Build.0 = Release|x86
		{B484CE25-CAFA-4BF4-9A15-0FD943BDD9F4}.AppStore|iPhoneSimulator.Deploy.0 = Release|x86
		{B484CE25-CAFA-4BF4-9A15-0FD943BDD9F4}.AppStore|x64.ActiveCfg = Release|x64
		{B484CE25-CAFA-4BF4-9A15-0FD943BDD9F4}.AppStore|x64.Build.0 = Release|x64
		{B484CE25-CAFA-4BF4-9A15-0FD943BDD9F4}.AppStore|x64.Deploy.0 = Release|x64
		{B484CE25-CAFA-4BF4-9A15-0FD943BDD9F4}.AppStore|x86.ActiveCfg = Release|x86
		{B484CE25-CAFA-4BF4-9A15-0FD943BDD9F4}.AppStore|x86.Build.0 = Release|x86
		{B484CE25-CAFA-4BF4-9A15-0FD943BDD9F4}.AppStore|x86.Deploy.0 = Release|x86
		{B484CE25-CAFA-4BF4-9A15-0FD943BDD9F4}.Debug|Any CPU.ActiveCfg = Debug|x86
		{B484CE25-CAFA-4BF4-9A15-0FD943BDD9F4}.Debug|ARM.ActiveCfg = Debug|ARM
		{B484CE25-CAFA-4BF4-9A15-0FD943BDD9F4}.Debug|ARM.Build.0 = Debug|ARM
		{B484CE25-CAFA-4BF4-9A15-0FD943BDD9F4}.Debug|ARM.Deploy.0 = Debug|ARM
		{B484CE25-CAFA-4BF4-9A15-0FD943BDD9F4}.Debug|iPhone.ActiveCfg = Debug|x86
		{B484CE25-CAFA-4BF4-9A15-0FD943BDD9F4}.Debug|iPhoneSimulator.ActiveCfg = Debug|x86
		{B484CE25-CAFA-4BF4-9A15-0FD943BDD9F4}.Debug|x64.ActiveCfg = Debug|x64
		{B484CE25-CAFA-4BF4-9A15-0FD943BDD9F4}.Debug|x64.Build.0 = Debug|x64
		{B484CE25-CAFA-4BF4-9A15-0FD943BDD9F4}.Debug|x64.Deploy.0 = Debug|x64
		{B484CE25-CAFA-4BF4-9A15-0FD943BDD9F4}.Debug|x86.ActiveCfg = Debug|x86
		{B484CE25-CAFA-4BF4-9A15-0FD943BDD9F4}.Debug|x86.Build.0 = Debug|x86
		{B484CE25-CAFA-4BF4-9A15-0FD943BDD9F4}.Debug|x86.Deploy.0 = Debug|x86
		{B484CE25-CAFA-4BF4-9A15-0FD943BDD9F4}.Release|Any CPU.ActiveCfg = Release|x86
		{B484CE25-CAFA-4BF4-9A15-0FD943BDD9F4}.Release|ARM.ActiveCfg = Release|ARM
		{B484CE25-CAFA-4BF4-9A15-0FD943BDD9F4}.Release|ARM.Build.0 = Release|ARM
		{B484CE25-CAFA-4BF4-9A15-0FD943BDD9F4}.Release|ARM.Deploy.0 = Release|ARM
		{B484CE25-CAFA-4BF4-9A15-0FD943BDD9F4}.Release|iPhone.ActiveCfg = Release|x86
		{B484CE25-CAFA-4BF4-9A15-0FD943BDD9F4}.Release|iPhoneSimulator.ActiveCfg = Release|x86
		{B484CE25-CAFA-4BF4-9A15-0FD943BDD9F4}.Release|x64.ActiveCfg = Release|x64
		{B484CE25-CAFA-4BF4-9A15-0FD943BDD9F4}.Release|x64.Build.0 = Release|x64
		{B484CE25-CAFA-4BF4-9A15-0FD943BDD9F4}.Release|x64.Deploy.0 = Release|x64
		{B484CE25-CAFA-4BF4-9A15-0FD943BDD9F4}.Release|x86.ActiveCfg = Release|x86
		{B484CE25-CAFA-4BF4-9A15-0FD943BDD9F4}.Release|x86.Build.0 = Release|x86
		{B484CE25-CAFA-4BF4-9A15-0FD943BDD9F4}.Release|x86.Deploy.0 = Release|x86
		{D5291582-DF60-49A2-A8EB-08060AB5F9BF}.1|Any CPU.ActiveCfg = 1|iPhone
		{D5291582-DF60-49A2-A8EB-08060AB5F9BF}.1|ARM.ActiveCfg = 1|iPhone
		{D5291582-DF60-49A2-A8EB-08060AB5F9BF}.1|iPhone.ActiveCfg = 1|iPhone
		{D5291582-DF60-49A2-A8EB-08060AB5F9BF}.1|iPhoneSimulator.ActiveCfg = 1|iPhoneSimulator
		{D5291582-DF60-49A2-A8EB-08060AB5F9BF}.1|x64.ActiveCfg = 1|iPhone
		{D5291582-DF60-49A2-A8EB-08060AB5F9BF}.1|x86.ActiveCfg = 1|iPhone
		{D5291582-DF60-49A2-A8EB-08060AB5F9BF}.2|Any CPU.ActiveCfg = 2|iPhone
		{D5291582-DF60-49A2-A8EB-08060AB5F9BF}.2|ARM.ActiveCfg = 2|iPhone
		{D5291582-DF60-49A2-A8EB-08060AB5F9BF}.2|iPhone.ActiveCfg = 2|iPhone
		{D5291582-DF60-49A2-A8EB-08060AB5F9BF}.2|iPhoneSimulator.ActiveCfg = 2|iPhoneSimulator
		{D5291582-DF60-49A2-A8EB-08060AB5F9BF}.2|x64.ActiveCfg = 2|iPhone
		{D5291582-DF60-49A2-A8EB-08060AB5F9BF}.2|x86.ActiveCfg = 2|iPhone
		{D5291582-DF60-49A2-A8EB-08060AB5F9BF}.Ad-Hoc|Any CPU.ActiveCfg = Ad-Hoc|iPhoneSimulator
		{D5291582-DF60-49A2-A8EB-08060AB5F9BF}.Ad-Hoc|ARM.ActiveCfg = Ad-Hoc|iPhone
		{D5291582-DF60-49A2-A8EB-08060AB5F9BF}.Ad-Hoc|iPhone.ActiveCfg = Ad-Hoc|iPhone
		{D5291582-DF60-49A2-A8EB-08060AB5F9BF}.Ad-Hoc|iPhone.Build.0 = Ad-Hoc|iPhone
		{D5291582-DF60-49A2-A8EB-08060AB5F9BF}.Ad-Hoc|iPhoneSimulator.ActiveCfg = Ad-Hoc|iPhoneSimulator
		{D5291582-DF60-49A2-A8EB-08060AB5F9BF}.Ad-Hoc|iPhoneSimulator.Build.0 = Ad-Hoc|iPhoneSimulator
		{D5291582-DF60-49A2-A8EB-08060AB5F9BF}.Ad-Hoc|x64.ActiveCfg = Ad-Hoc|iPhone
		{D5291582-DF60-49A2-A8EB-08060AB5F9BF}.Ad-Hoc|x86.ActiveCfg = Ad-Hoc|iPhone
		{D5291582-DF60-49A2-A8EB-08060AB5F9BF}.AppStore|Any CPU.ActiveCfg = AppStore|iPhoneSimulator
		{D5291582-DF60-49A2-A8EB-08060AB5F9BF}.AppStore|ARM.ActiveCfg = AppStore|iPhone
		{D5291582-DF60-49A2-A8EB-08060AB5F9BF}.AppStore|iPhone.ActiveCfg = AppStore|iPhone
		{D5291582-DF60-49A2-A8EB-08060AB5F9BF}.AppStore|iPhone.Build.0 = AppStore|iPhone
		{D5291582-DF60-49A2-A8EB-08060AB5F9BF}.AppStore|iPhoneSimulator.ActiveCfg = AppStore|iPhoneSimulator
		{D5291582-DF60-49A2-A8EB-08060AB5F9BF}.AppStore|iPhoneSimulator.Build.0 = AppStore|iPhoneSimulator
		{D5291582-DF60-49A2-A8EB-08060AB5F9BF}.AppStore|x64.ActiveCfg = AppStore|iPhone
		{D5291582-DF60-49A2-A8EB-08060AB5F9BF}.AppStore|x86.ActiveCfg = AppStore|iPhone
		{D5291582-DF60-49A2-A8EB-08060AB5F9BF}.Debug|Any CPU.ActiveCfg = Debug|iPhoneSimulator
		{D5291582-DF60-49A2-A8EB-08060AB5F9BF}.Debug|ARM.ActiveCfg = Debug|iPhone
		{D5291582-DF60-49A2-A8EB-08060AB5F9BF}.Debug|iPhone.ActiveCfg = Debug|iPhone
		{D5291582-DF60-49A2-A8EB-08060AB5F9BF}.Debug|iPhone.Build.0 = Debug|iPhone
		{D5291582-DF60-49A2-A8EB-08060AB5F9BF}.Debug|iPhoneSimulator.ActiveCfg = Debug|iPhoneSimulator
		{D5291582-DF60-49A2-A8EB-08060AB5F9BF}.Debug|iPhoneSimulator.Build.0 = Debug|iPhoneSimulator
		{D5291582-DF60-49A2-A8EB-08060AB5F9BF}.Debug|x64.ActiveCfg = Debug|iPhone
		{D5291582-DF60-49A2-A8EB-08060AB5F9BF}.Debug|x86.ActiveCfg = Debug|iPhone
		{D5291582-DF60-49A2-A8EB-08060AB5F9BF}.Release|Any CPU.ActiveCfg = Release|iPhoneSimulator
		{D5291582-DF60-49A2-A8EB-08060AB5F9BF}.Release|ARM.ActiveCfg = Release|iPhone
		{D5291582-DF60-49A2-A8EB-08060AB5F9BF}.Release|iPhone.ActiveCfg = Release|iPhone
		{D5291582-DF60-49A2-A8EB-08060AB5F9BF}.Release|iPhone.Build.0 = Release|iPhone
		{D5291582-DF60-49A2-A8EB-08060AB5F9BF}.Release|iPhoneSimulator.ActiveCfg = Release|iPhoneSimulator
		{D5291582-DF60-49A2-A8EB-08060AB5F9BF}.Release|iPhoneSimulator.Build.0 = Release|iPhoneSimulator
		{D5291582-DF60-49A2-A8EB-08060AB5F9BF}.Release|x64.ActiveCfg = Release|iPhone
		{D5291582-DF60-49A2-A8EB-08060AB5F9BF}.Release|x86.ActiveCfg = Release|iPhone
	EndGlobalSection
	GlobalSection(SolutionProperties) = preSolution
		HideSolutionNode = FALSE
	EndGlobalSection
	GlobalSection(ExtensibilityGlobals) = postSolution
		SolutionGuid = {8DF1B5D8-0DE1-46A5-A381-0B3357D2B24C}
	EndGlobalSection
EndGlobal
